
Microsoft Visual Studio Solution File, Format Version 12.00
# Visual Studio Version 17
VisualStudioVersion = 17.2.32630.192
MinimumVisualStudioVersion = 10.0.40219.1
Project("{FAE04EC0-301F-11D3-BF4B-00C04F79EFBC}") = "Patient's Pages", "clinical_project\Patient's Pages.csproj", "{F9C5902C-121E-4CCC-8C2E-5BC648E62FB4}"
EndProject
Global
	GlobalSection(SolutionConfigurationPlatforms) = preSolution
		Debug|Any CPU = Debug|Any CPU
		Release|Any CPU = Release|Any CPU
	EndGlobalSection
	GlobalSection(ProjectConfigurationPlatforms) = postSolution
		{F9C5902C-121E-4CCC-8C2E-5BC648E62FB4}.Debug|Any CPU.ActiveCfg = Debug|Any CPU
		{F9C5902C-121E-4CCC-8C2E-5BC648E62FB4}.Debug|Any CPU.Build.0 = Debug|Any CPU
		{F9C5902C-121E-4CCC-8C2E-5BC648E62FB4}.Release|Any CPU.ActiveCfg = Release|Any CPU
		{F9C5902C-121E-4CCC-8C2E-5BC648E62FB4}.Release|Any CPU.Build.0 = Release|Any CPU
	EndGlobalSection
	GlobalSection(SolutionProperties) = preSolution
		HideSolutionNode = FALSE
	EndGlobalSection
	GlobalSection(ExtensibilityGlobals) = postSolution
		SolutionGuid = {3FA4E33B-39EF-4861-AE55-370AD4B656F1}
	EndGlobalSection
EndGlobal
